
Microsoft Visual Studio Solution File, Format Version 12.00
# Visual Studio 15
VisualStudioVersion = 15.0.28307.136
MinimumVisualStudioVersion = 10.0.40219.1
Project("{9092AA53-FB77-4645-B42D-1CCCA6BD08BD}") = "Parser", "Parser\Parser.njsproj", "{02DBEE5C-F9C7-4AA3-B0FE-0E1E444312B0}"
EndProject
Global
	GlobalSection(SolutionConfigurationPlatforms) = preSolution
		Debug|Any CPU = Debug|Any CPU
		Release|Any CPU = Release|Any CPU
	EndGlobalSection
	GlobalSection(ProjectConfigurationPlatforms) = postSolution
		{02DBEE5C-F9C7-4AA3-B0FE-0E1E444312B0}.Debug|Any CPU.ActiveCfg = Debug|Any CPU
		{02DBEE5C-F9C7-4AA3-B0FE-0E1E444312B0}.Debug|Any CPU.Build.0 = Debug|Any CPU
		{02DBEE5C-F9C7-4AA3-B0FE-0E1E444312B0}.Release|Any CPU.ActiveCfg = Release|Any CPU
		{02DBEE5C-F9C7-4AA3-B0FE-0E1E444312B0}.Release|Any CPU.Build.0 = Release|Any CPU
	EndGlobalSection
	GlobalSection(SolutionProperties) = preSolution
		HideSolutionNode = FALSE
	EndGlobalSection
	GlobalSection(ExtensibilityGlobals) = postSolution
		SolutionGuid = {BE0AA6B2-7335-41FF-AAD1-DF6C1D0E0869}
	EndGlobalSection
EndGlobal
